
Microsoft Visual Studio Solution File, Format Version 12.00
# Visual Studio Version 17
VisualStudioVersion = 17.0.31903.59
MinimumVisualStudioVersion = 10.0.40219.1
Project("{FAE04EC0-301F-11D3-BF4B-00C04F79EFBC}") = "TangyWeb_Server", "TangyWeb_Server\TangyWeb_Server.csproj", "{CFF9C1BF-DBF4-489E-8731-D9B0181AC01C}"
EndProject
Global
	GlobalSection(SolutionConfigurationPlatforms) = preSolution
		Debug|Any CPU = Debug|Any CPU
		Release|Any CPU = Release|Any CPU
	EndGlobalSection
	GlobalSection(ProjectConfigurationPlatforms) = postSolution
		{CFF9C1BF-DBF4-489E-8731-D9B0181AC01C}.Debug|Any CPU.ActiveCfg = Debug|Any CPU
		{CFF9C1BF-DBF4-489E-8731-D9B0181AC01C}.Debug|Any CPU.Build.0 = Debug|Any CPU
		{CFF9C1BF-DBF4-489E-8731-D9B0181AC01C}.Release|Any CPU.ActiveCfg = Release|Any CPU
		{CFF9C1BF-DBF4-489E-8731-D9B0181AC01C}.Release|Any CPU.Build.0 = Release|Any CPU
	EndGlobalSection
	GlobalSection(SolutionProperties) = preSolution
		HideSolutionNode = FALSE
	EndGlobalSection
	GlobalSection(ExtensibilityGlobals) = postSolution
		SolutionGuid = {8208D50A-6E4B-44E5-BD64-6B77ACF2CD3A}
	EndGlobalSection
EndGlobal
